PODS:
  - FlutterMacOS (1.0.0)
  - nekoton_flutter (0.0.1):
    - FlutterMacOS
  - shared_preferences_macos (0.0.1):
    - FlutterMacOS

DEPENDENCIES:
  - FlutterMacOS (from `Flutter/ephemeral`)
  - nekoton_flutter (from `Flutter/ephemeral/.symlinks/plugins/nekoton_flutter/macos`)
  - shared_preferences_macos (from `Flutter/ephemeral/.symlinks/plugins/shared_preferences_macos/macos`)

EXTERNAL SOURCES:
  FlutterMacOS:
    :path: Flutter/ephemeral
  nekoton_flutter:
    :path: Flutter/ephemeral/.symlinks/plugins/nekoton_flutter/macos
  shared_preferences_macos:
    :path: Flutter/ephemeral/.symlinks/plugins/shared_preferences_macos/macos

SPEC CHECKSUMS:
  FlutterMacOS: 57701585bf7de1b3fc2bb61f6378d73bbdea8424
  nekoton_flutter: 0db3f9b9035f5c094770482d3a2c4ee2e270fcea
  shared_preferences_macos: a64dc611287ed6cbe28fd1297898db1336975727

PODFILE CHECKSUM: 6eac6b3292e5142cfc23bdeb71848a40ec51c14c

COCOAPODS: 1.11.3
